// !$*UTF8*$!
{
	archiveVersion = 1;
	classes = {
	};
	objectVersion = 55;
	objects = {

/* Begin PBXBuildFile section */
		2FBEE87128897F7200978B70 /* TabBar.swift in Sources */ = {isa = PBXBuildFile; fileRef = 2FBEE87028897F7200978B70 /* TabBar.swift */; };
		2FBEE8732889841D00978B70 /* Shapes.swift in Sources */ = {isa = PBXBuildFile; fileRef = 2FBEE8722889841D00978B70 /* Shapes.swift */; };
		2FBEE8762889A47400978B70 /* BottomSheet in Frameworks */ = {isa = PBXBuildFile; productRef = 2FBEE8752889A47400978B70 /* BottomSheet */; };
		2FBEE8782889A73800978B70 /* ForecastView.swift in Sources */ = {isa = PBXBuildFile; fileRef = 2FBEE8772889A73800978B70 /* ForecastView.swift */; };
		2FBEE87A2889AB3C00978B70 /* Blur.swift in Sources */ = {isa = PBXBuildFile; fileRef = 2FBEE8792889AB3C00978B70 /* Blur.swift */; };
		2FFB397D28896DF600613D77 /* WeatherApp.swift in Sources */ = {isa = PBXBuildFile; fileRef = 2FFB397C28896DF600613D77 /* WeatherApp.swift */; };
		2FFB397F28896DF600613D77 /* ContentView.swift in Sources */ = {isa = PBXBuildFile; fileRef = 2FFB397E28896DF600613D77 /* ContentView.swift */; };
		2FFB398128896DF800613D77 /* Assets.xcassets in Resources */ = {isa = PBXBuildFile; fileRef = 2FFB398028896DF800613D77 /* Assets.xcassets */; };
		2FFB398428896DF800613D77 /* Preview Assets.xcassets in Resources */ = {isa = PBXBuildFile; fileRef = 2FFB398328896DF800613D77 /* Preview Assets.xcassets */; };
		2FFB39922889704900613D77 /* Extensions.swift in Sources */ = {isa = PBXBuildFile; fileRef = 2FFB39912889704900613D77 /* Extensions.swift */; };
		2FFB3994288976D200613D77 /* HomeView.swift in Sources */ = {isa = PBXBuildFile; fileRef = 2FFB3993288976D200613D77 /* HomeView.swift */; };
/* End PBXBuildFile section */

/* Begin PBXFileReference section */
		2FBEE87028897F7200978B70 /* TabBar.swift */ = {isa = PBXFileReference; lastKnownFileType = sourcecode.swift; path = TabBar.swift; sourceTree = "<group>"; };
		2FBEE8722889841D00978B70 /* Shapes.swift */ = {isa = PBXFileReference; lastKnownFileType = sourcecode.swift; path = Shapes.swift; sourceTree = "<group>"; };
		2FBEE8772889A73800978B70 /* ForecastView.swift */ = {isa = PBXFileReference; lastKnownFileType = sourcecode.swift; path = ForecastView.swift; sourceTree = "<group>"; };
		2FBEE8792889AB3C00978B70 /* Blur.swift */ = {isa = PBXFileReference; lastKnownFileType = sourcecode.swift; path = Blur.swift; sourceTree = "<group>"; };
		2FFB397928896DF600613D77 /* Weather.app */ = {isa = PBXFileReference; explicitFileType = wrapper.application; includeInIndex = 0; path = Weather.app; sourceTree = BUILT_PRODUCTS_DIR; };
		2FFB397C28896DF600613D77 /* WeatherApp.swift */ = {isa = PBXFileReference; lastKnownFileType = sourcecode.swift; path = WeatherApp.swift; sourceTree = "<group>"; };
		2FFB397E28896DF600613D77 /* ContentView.swift */ = {isa = PBXFileReference; lastKnownFileType = sourcecode.swift; path = ContentView.swift; sourceTree = "<group>"; };
		2FFB398028896DF800613D77 /* Assets.xcassets */ = {isa = PBXFileReference; lastKnownFileType = folder.assetcatalog; path = Assets.xcassets; sourceTree = "<group>"; };
		2FFB398328896DF800613D77 /* Preview Assets.xcassets */ = {isa = PBXFileReference; lastKnownFileType = folder.assetcatalog; path = "Preview Assets.xcassets"; sourceTree = "<group>"; };
		2FFB39912889704900613D77 /* Extensions.swift */ = {isa = PBXFileReference; lastKnownFileType = sourcecode.swift; path = Extensions.swift; sourceTree = "<group>"; };
		2FFB3993288976D200613D77 /* HomeView.swift */ = {isa = PBXFileReference; lastKnownFileType = sourcecode.swift; path = HomeView.swift; sourceTree = "<group>"; };
/* End PBXFileReference section */

/* Begin PBXFrameworksBuildPhase section */
		2FFB397628896DF600613D77 /* Frameworks */ = {
			isa = PBXFrameworksBuildPhase;
			buildActionMask = 2147483647;
			files = (
				2FBEE8762889A47400978B70 /* BottomSheet in Frameworks */,
			);
			runOnlyForDeploymentPostprocessing = 0;
		};
/* End PBXFrameworksBuildPhase section */

/* Begin PBXGroup section */
		2FFB397028896DF600613D77 = {
			isa = PBXGroup;
			children = (
				2FFB397B28896DF600613D77 /* Weather */,
				2FFB397A28896DF600613D77 /* Products */,
			);
			sourceTree = "<group>";
		};
		2FFB397A28896DF600613D77 /* Products */ = {
			isa = PBXGroup;
			children = (
				2FFB397928896DF600613D77 /* Weather.app */,
			);
			name = Products;
			sourceTree = "<group>";
		};
		2FFB397B28896DF600613D77 /* Weather */ = {
			isa = PBXGroup;
			children = (
				2FFB397C28896DF600613D77 /* WeatherApp.swift */,
				2FFB398A28896F4700613D77 /* Views */,
				2FFB398B28896F5000613D77 /* Models */,
				2FFB398C28896F5600613D77 /* Utils */,
				2FFB398028896DF800613D77 /* Assets.xcassets */,
				2FFB398228896DF800613D77 /* Preview Content */,
			);
			path = Weather;
			sourceTree = "<group>";
		};
		2FFB398228896DF800613D77 /* Preview Content */ = {
			isa = PBXGroup;
			children = (
				2FFB398328896DF800613D77 /* Preview Assets.xcassets */,
			);
			path = "Preview Content";
			sourceTree = "<group>";
		};
		2FFB398A28896F4700613D77 /* Views */ = {
			isa = PBXGroup;
			children = (
				2FFB398D28896F8D00613D77 /* Main */,
				2FFB398E28896F9600613D77 /* Navigation */,
				2FFB398F28896FA000613D77 /* Detail */,
				2FFB399028896FA900613D77 /* Components */,
			);
			path = Views;
			sourceTree = "<group>";
		};
		2FFB398B28896F5000613D77 /* Models */ = {
			isa = PBXGroup;
			children = (
			);
			path = Models;
			sourceTree = "<group>";
		};
		2FFB398C28896F5600613D77 /* Utils */ = {
			isa = PBXGroup;
			children = (
				2FFB39912889704900613D77 /* Extensions.swift */,
				2FBEE8722889841D00978B70 /* Shapes.swift */,
			);
			path = Utils;
			sourceTree = "<group>";
		};
		2FFB398D28896F8D00613D77 /* Main */ = {
			isa = PBXGroup;
			children = (
				2FFB397E28896DF600613D77 /* ContentView.swift */,
				2FFB3993288976D200613D77 /* HomeView.swift */,
			);
			path = Main;
			sourceTree = "<group>";
		};
		2FFB398E28896F9600613D77 /* Navigation */ = {
			isa = PBXGroup;
			children = (
				2FBEE87028897F7200978B70 /* TabBar.swift */,
			);
			path = Navigation;
			sourceTree = "<group>";
		};
		2FFB398F28896FA000613D77 /* Detail */ = {
			isa = PBXGroup;
			children = (
				2FBEE8772889A73800978B70 /* ForecastView.swift */,
			);
			path = Detail;
			sourceTree = "<group>";
		};
		2FFB399028896FA900613D77 /* Components */ = {
			isa = PBXGroup;
			children = (
				2FBEE8792889AB3C00978B70 /* Blur.swift */,
			);
			path = Components;
			sourceTree = "<group>";
		};
/* End PBXGroup section */

/* Begin PBXNativeTarget section */
		2FFB397828896DF600613D77 /* Weather */ = {
			isa = PBXNativeTarget;
			buildConfigurationList = 2FFB398728896DF800613D77 /* Build configuration list for PBXNativeTarget "Weather" */;
			buildPhases = (
				2FFB397528896DF600613D77 /* Sources */,
				2FFB397628896DF600613D77 /* Frameworks */,
				2FFB397728896DF600613D77 /* Resources */,
			);
			buildRules = (
			);
			dependencies = (
			);
			name = Weather;
			packageProductDependencies = (
				2FBEE8752889A47400978B70 /* BottomSheet */,
			);
			productName = Weather;
			productReference = 2FFB397928896DF600613D77 /* Weather.app */;
			productType = "com.apple.product-type.application";
		};
/* End PBXNativeTarget section */

/* Begin PBXProject section */
		2FFB397128896DF600613D77 /* Project object */ = {
			isa = PBXProject;
			attributes = {
				BuildIndependentTargetsInParallel = 1;
				LastSwiftUpdateCheck = 1340;
				LastUpgradeCheck = 1340;
				TargetAttributes = {
					2FFB397828896DF600613D77 = {
						CreatedOnToolsVersion = 13.4.1;
					};
				};
			};
			buildConfigurationList = 2FFB397428896DF600613D77 /* Build configuration list for PBXProject "Weather" */;
			compatibilityVersion = "Xcode 13.0";
			developmentRegion = en;
			hasScannedForEncodings = 0;
			knownRegions = (
				en,
				Base,
			);
			mainGroup = 2FFB397028896DF600613D77;
			packageReferences = (
				2FBEE8742889A47400978B70 /* XCRemoteSwiftPackageReference "BottomSheet" */,
			);
			productRefGroup = 2FFB397A28896DF600613D77 /* Products */;
			projectDirPath = "";
			projectRoot = "";
			targets = (
				2FFB397828896DF600613D77 /* Weather */,
			);
		};
/* End PBXProject section */

/* Begin PBXResourcesBuildPhase section */
		2FFB397728896DF600613D77 /* Resources */ = {
			isa = PBXResourcesBuildPhase;
			buildActionMask = 2147483647;
			files = (
				2FFB398428896DF800613D77 /* Preview Assets.xcassets in Resources */,
				2FFB398128896DF800613D77 /* Assets.xcassets in Resources */,
			);
			runOnlyForDeploymentPostprocessing = 0;
		};
/* End PBXResourcesBuildPhase section */

/* Begin PBXSourcesBuildPhase section */
		2FFB397528896DF600613D77 /* Sources */ = {
			isa = PBXSourcesBuildPhase;
			buildActionMask = 2147483647;
			files = (
				2FFB397F28896DF600613D77 /* ContentView.swift in Sources */,
				2FFB3994288976D200613D77 /* HomeView.swift in Sources */,
				2FBEE87A2889AB3C00978B70 /* Blur.swift in Sources */,
				2FFB39922889704900613D77 /* Extensions.swift in Sources */,
				2FFB397D28896DF600613D77 /* WeatherApp.swift in Sources */,
				2FBEE8782889A73800978B70 /* ForecastView.swift in Sources */,
				2FBEE87128897F7200978B70 /* TabBar.swift in Sources */,
				2FBEE8732889841D00978B70 /* Shapes.swift in Sources */,
			);
			runOnlyForDeploymentPostprocessing = 0;
		};
/* End PBXSourcesBuildPhase section */

/* Begin XCBuildConfiguration section */
		2FFB398528896DF800613D77 /* Debug */ = {
			isa = XCBuildConfiguration;
			buildSettings = {
				ALWAYS_SEARCH_USER_PATHS = NO;
				CLANG_ANALYZER_NONNULL = YES;
				CLANG_ANALYZER_NUMBER_OBJECT_CONVERSION = YES_AGGRESSIVE;
				CLANG_CXX_LANGUAGE_STANDARD = "gnu++17";
				CLANG_ENABLE_MODULES = YES;
				CLANG_ENABLE_OBJC_ARC = YES;
				CLANG_ENABLE_OBJC_WEAK = YES;
				CLANG_WARN_BLOCK_CAPTURE_AUTORELEASING = YES;
				CLANG_WARN_BOOL_CONVERSION = YES;
				CLANG_WARN_COMMA = YES;
				CLANG_WARN_CONSTANT_CONVERSION = YES;
				CLANG_WARN_DEPRECATED_OBJC_IMPLEMENTATIONS = YES;
				CLANG_WARN_DIRECT_OBJC_ISA_USAGE = YES_ERROR;
				CLANG_WARN_DOCUMENTATION_COMMENTS = YES;
				CLANG_WARN_EMPTY_BODY = YES;
				CLANG_WARN_ENUM_CONVERSION = YES;
				CLANG_WARN_INFINITE_RECURSION = YES;
				CLANG_WARN_INT_CONVERSION = YES;
				CLANG_WARN_NON_LITERAL_NULL_CONVERSION = YES;
				CLANG_WARN_OBJC_IMPLICIT_RETAIN_SELF = YES;
				CLANG_WARN_OBJC_LITERAL_CONVERSION = YES;
				CLANG_WARN_OBJC_ROOT_CLASS = YES_ERROR;
				CLANG_WARN_QUOTED_INCLUDE_IN_FRAMEWORK_HEADER = YES;
				CLANG_WARN_RANGE_LOOP_ANALYSIS = YES;
				CLANG_WARN_STRICT_PROTOTYPES = YES;
				CLANG_WARN_SUSPICIOUS_MOVE = YES;
				CLANG_WARN_UNGUARDED_AVAILABILITY = YES_AGGRESSIVE;
				CLANG_WARN_UNREACHABLE_CODE = YES;
				CLANG_WARN__DUPLICATE_METHOD_MATCH = YES;
				COPY_PHASE_STRIP = NO;
				DEBUG_INFORMATION_FORMAT = dwarf;
				ENABLE_STRICT_OBJC_MSGSEND = YES;
				ENABLE_TESTABILITY = YES;
				GCC_C_LANGUAGE_STANDARD = gnu11;
				GCC_DYNAMIC_NO_PIC = NO;
				GCC_NO_COMMON_BLOCKS = YES;
				GCC_OPTIMIZATION_LEVEL = 0;
				GCC_PREPROCESSOR_DEFINITIONS = (
					"DEBUG=1",
					"$(inherited)",
				);
				GCC_WARN_64_TO_32_BIT_CONVERSION = YES;
				GCC_WARN_ABOUT_RETURN_TYPE = YES_ERROR;
				GCC_WARN_UNDECLARED_SELECTOR = YES;
				GCC_WARN_UNINITIALIZED_AUTOS = YES_AGGRESSIVE;
				GCC_WARN_UNUSED_FUNCTION = YES;
				GCC_WARN_UNUSED_VARIABLE = YES;
				IPHONEOS_DEPLOYMENT_TARGET = 15.5;
				MTL_ENABLE_DEBUG_INFO = INCLUDE_SOURCE;
				MTL_FAST_MATH = YES;
				ONLY_ACTIVE_ARCH = YES;
				SDKROOT = iphoneos;
				SWIFT_ACTIVE_COMPILATION_CONDITIONS = DEBUG;
				SWIFT_OPTIMIZATION_LEVEL = "-Onone";
			};
			name = Debug;
		};
		2FFB398628896DF800613D77 /* Release */ = {
			isa = XCBuildConfiguration;
			buildSettings = {
				ALWAYS_SEARCH_USER_PATHS = NO;
				CLANG_ANALYZER_NONNULL = YES;
				CLANG_ANALYZER_NUMBER_OBJECT_CONVERSION = YES_AGGRESSIVE;
				CLANG_CXX_LANGUAGE_STANDARD = "gnu++17";
				CLANG_ENABLE_MODULES = YES;
				CLANG_ENABLE_OBJC_ARC = YES;
				CLANG_ENABLE_OBJC_WEAK = YES;
				CLANG_WARN_BLOCK_CAPTURE_AUTORELEASING = YES;
				CLANG_WARN_BOOL_CONVERSION = YES;
				CLANG_WARN_COMMA = YES;
				CLANG_WARN_CONSTANT_CONVERSION = YES;
				CLANG_WARN_DEPRECATED_OBJC_IMPLEMENTATIONS = YES;
				CLANG_WARN_DIRECT_OBJC_ISA_USAGE = YES_ERROR;
				CLANG_WARN_DOCUMENTATION_COMMENTS = YES;
				CLANG_WARN_EMPTY_BODY = YES;
				CLANG_WARN_ENUM_CONVERSION = YES;
				CLANG_WARN_INFINITE_RECURSION = YES;
				CLANG_WARN_INT_CONVERSION = YES;
				CLANG_WARN_NON_LITERAL_NULL_CONVERSION = YES;
				CLANG_WARN_OBJC_IMPLICIT_RETAIN_SELF = YES;
				CLANG_WARN_OBJC_LITERAL_CONVERSION = YES;
				CLANG_WARN_OBJC_ROOT_CLASS = YES_ERROR;
				CLANG_WARN_QUOTED_INCLUDE_IN_FRAMEWORK_HEADER = YES;
				CLANG_WARN_RANGE_LOOP_ANALYSIS = YES;
				CLANG_WARN_STRICT_PROTOTYPES = YES;
				CLANG_WARN_SUSPICIOUS_MOVE = YES;
				CLANG_WARN_UNGUARDED_AVAILABILITY = YES_AGGRESSIVE;
				CLANG_WARN_UNREACHABLE_CODE = YES;
				CLANG_WARN__DUPLICATE_METHOD_MATCH = YES;
				COPY_PHASE_STRIP = NO;
				DEBUG_INFORMATION_FORMAT = "dwarf-with-dsym";
				ENABLE_NS_ASSERTIONS = NO;
				ENABLE_STRICT_OBJC_MSGSEND = YES;
				GCC_C_LANGUAGE_STANDARD = gnu11;
				GCC_NO_COMMON_BLOCKS = YES;
				GCC_WARN_64_TO_32_BIT_CONVERSION = YES;
				GCC_WARN_ABOUT_RETURN_TYPE = YES_ERROR;
				GCC_WARN_UNDECLARED_SELECTOR = YES;
				GCC_WARN_UNINITIALIZED_AUTOS = YES_AGGRESSIVE;
				GCC_WARN_UNUSED_FUNCTION = YES;
				GCC_WARN_UNUSED_VARIABLE = YES;
				IPHONEOS_DEPLOYMENT_TARGET = 15.5;
				MTL_ENABLE_DEBUG_INFO = NO;
				MTL_FAST_MATH = YES;
				SDKROOT = iphoneos;
				SWIFT_COMPILATION_MODE = wholemodule;
				SWIFT_OPTIMIZATION_LEVEL = "-O";
				VALIDATE_PRODUCT = YES;
			};
			name = Release;
		};
		2FFB398828896DF800613D77 /* Debug */ = {
			isa = XCBuildConfiguration;
			buildSettings = {
				ASSETCATALOG_COMPILER_APPICON_NAME = AppIcon;
				ASSETCATALOG_COMPILER_GLOBAL_ACCENT_COLOR_NAME = AccentColor;
				CODE_SIGN_STYLE = Automatic;
				CURRENT_PROJECT_VERSION = 1;
				DEVELOPMENT_ASSET_PATHS = "\"Weather/Preview Content\"";
				DEVELOPMENT_TEAM = V3345MULYZ;
				ENABLE_PREVIEWS = YES;
				GENERATE_INFOPLIST_FILE = YES;
				INFOPLIST_KEY_UIApplicationSceneManifest_Generation = YES;
				INFOPLIST_KEY_UIApplicationSupportsIndirectInputEvents = YES;
				INFOPLIST_KEY_UILaunchScreen_Generation = YES;
				INFOPLIST_KEY_UISupportedInterfaceOrientations_iPad = "UIInterfaceOrientationPortrait UIInterfaceOrientationPortraitUpsideDown UIInterfaceOrientationLandscapeLeft UIInterfaceOrientationLandscapeRight";
				INFOPLIST_KEY_UISupportedInterfaceOrientations_iPhone = "UIInterfaceOrientationPortrait UIInterfaceOrientationLandscapeLeft UIInterfaceOrientationLandscapeRight";
				LD_RUNPATH_SEARCH_PATHS = (
					"$(inherited)",
					"@executable_path/Frameworks",
				);
				MARKETING_VERSION = 1.0;
				PRODUCT_BUNDLE_IDENTIFIER = "semkavabangaa-gmail.com.Weather";
				PRODUCT_NAME = "$(TARGET_NAME)";
				SWIFT_EMIT_LOC_STRINGS = YES;
				SWIFT_VERSION = 5.0;
				TARGETED_DEVICE_FAMILY = "1,2";
			};
			name = Debug;
		};
		2FFB398928896DF800613D77 /* Release */ = {
			isa = XCBuildConfiguration;
			buildSettings = {
				ASSETCATALOG_COMPILER_APPICON_NAME = AppIcon;
				ASSETCATALOG_COMPILER_GLOBAL_ACCENT_COLOR_NAME = AccentColor;
				CODE_SIGN_STYLE = Automatic;
				CURRENT_PROJECT_VERSION = 1;
				DEVELOPMENT_ASSET_PATHS = "\"Weather/Preview Content\"";
				DEVELOPMENT_TEAM = V3345MULYZ;
				ENABLE_PREVIEWS = YES;
				GENERATE_INFOPLIST_FILE = YES;
				INFOPLIST_KEY_UIApplicationSceneManifest_Generation = YES;
				INFOPLIST_KEY_UIApplicationSupportsIndirectInputEvents = YES;
				INFOPLIST_KEY_UILaunchScreen_Generation = YES;
				INFOPLIST_KEY_UISupportedInterfaceOrientations_iPad = "UIInterfaceOrientationPortrait UIInterfaceOrientationPortraitUpsideDown UIInterfaceOrientationLandscapeLeft UIInterfaceOrientationLandscapeRight";
				INFOPLIST_KEY_UISupportedInterfaceOrientations_iPhone = "UIInterfaceOrientationPortrait UIInterfaceOrientationLandscapeLeft UIInterfaceOrientationLandscapeRight";
				LD_RUNPATH_SEARCH_PATHS = (
					"$(inherited)",
					"@executable_path/Frameworks",
				);
				MARKETING_VERSION = 1.0;
				PRODUCT_BUNDLE_IDENTIFIER = "semkavabangaa-gmail.com.Weather";
				PRODUCT_NAME = "$(TARGET_NAME)";
				SWIFT_EMIT_LOC_STRINGS = YES;
				SWIFT_VERSION = 5.0;
				TARGETED_DEVICE_FAMILY = "1,2";
			};
			name = Release;
		};
/* End XCBuildConfiguration section */

/* Begin XCConfigurationList section */
		2FFB397428896DF600613D77 /* Build configuration list for PBXProject "Weather" */ = {
			isa = XCConfigurationList;
			buildConfigurations = (
				2FFB398528896DF800613D77 /* Debug */,
				2FFB398628896DF800613D77 /* Release */,
			);
			defaultConfigurationIsVisible = 0;
			defaultConfigurationName = Release;
		};
		2FFB398728896DF800613D77 /* Build configuration list for PBXNativeTarget "Weather" */ = {
			isa = XCConfigurationList;
			buildConfigurations = (
				2FFB398828896DF800613D77 /* Debug */,
				2FFB398928896DF800613D77 /* Release */,
			);
			defaultConfigurationIsVisible = 0;
			defaultConfigurationName = Release;
		};
/* End XCConfigurationList section */

/* Begin XCRemoteSwiftPackageReference section */
		2FBEE8742889A47400978B70 /* XCRemoteSwiftPackageReference "BottomSheet" */ = {
			isa = XCRemoteSwiftPackageReference;
			repositoryURL = "https://github.com/Wouter125/BottomSheet";
			requirement = {
				kind = upToNextMajorVersion;
				minimumVersion = 1.0.0;
			};
		};
/* End XCRemoteSwiftPackageReference section */

/* Begin XCSwiftPackageProductDependency section */
		2FBEE8752889A47400978B70 /* BottomSheet */ = {
			isa = XCSwiftPackageProductDependency;
			package = 2FBEE8742889A47400978B70 /* XCRemoteSwiftPackageReference "BottomSheet" */;
			productName = BottomSheet;
		};
/* End XCSwiftPackageProductDependency section */
	};
	rootObject = 2FFB397128896DF600613D77 /* Project object */;
}
